
Microsoft Visual Studio Solution File, Format Version 11.00
# Visual Studio 2010
Project("{FAE04EC0-301F-11D3-BF4B-00C04F79EFBC}") = "BodyScanner", "BodyScanner\BodyScanner.csproj", "{D56F896B-1C08-4195-997C-BBB72DE1E067}"
EndProject
Global
	GlobalSection(SolutionConfigurationPlatforms) = preSolution
		Debug|x86 = Debug|x86
		Release|x86 = Release|x86
	EndGlobalSection
	GlobalSection(ProjectConfigurationPlatforms) = postSolution
		{D56F896B-1C08-4195-997C-BBB72DE1E067}.Debug|x86.ActiveCfg = Debug|x86
		{D56F896B-1C08-4195-997C-BBB72DE1E067}.Debug|x86.Build.0 = Debug|x86
		{D56F896B-1C08-4195-997C-BBB72DE1E067}.Release|x86.ActiveCfg = Release|x86
		{D56F896B-1C08-4195-997C-BBB72DE1E067}.Release|x86.Build.0 = Release|x86
	EndGlobalSection
	GlobalSection(SolutionProperties) = preSolution
		HideSolutionNode = FALSE
	EndGlobalSection
EndGlobal
